// !$*UTF8*$!
{
	archiveVersion = 1;
	classes = {
	};
	objectVersion = 50;
	objects = {

/* Begin PBXBuildFile section */
		2BF62CE120F5A5750055EB0D /* AppDelegate.m in Sources */ = {isa = PBXBuildFile; fileRef = 2BF62CE020F5A5750055EB0D /* AppDelegate.m */; };
		2BF62CE420F5A5750055EB0D /* ViewController.m in Sources */ = {isa = PBXBuildFile; fileRef = 2BF62CE320F5A5750055EB0D /* ViewController.m */; };
		2BF62CE720F5A5750055EB0D /* Main.storyboard in Resources */ = {isa = PBXBuildFile; fileRef = 2BF62CE520F5A5750055EB0D /* Main.storyboard */; };
		2BF62CE920F5A57C0055EB0D /* Assets.xcassets in Resources */ = {isa = PBXBuildFile; fileRef = 2BF62CE820F5A57C0055EB0D /* Assets.xcassets */; };
		2BF62CEC20F5A57C0055EB0D /* LaunchScreen.storyboard in Resources */ = {isa = PBXBuildFile; fileRef = 2BF62CEA20F5A57C0055EB0D /* LaunchScreen.storyboard */; };
		2BF62CEF20F5A57C0055EB0D /* main.m in Sources */ = {isa = PBXBuildFile; fileRef = 2BF62CEE20F5A57C0055EB0D /* main.m */; };
		2BF62CF720F5A5AB0055EB0D /* JGTest.m in Sources */ = {isa = PBXBuildFile; fileRef = 2BF62CF620F5A5AB0055EB0D /* JGTest.m */; };
		2BF62CF920F5AA590055EB0D /* 2.png in Resources */ = {isa = PBXBuildFile; fileRef = 2BF62CF820F5AA590055EB0D /* 2.png */; };
		2BF62CFF20F5E0E00055EB0D /* YYWeakProxy.m in Sources */ = {isa = PBXBuildFile; fileRef = 2BF62CFB20F5E0E00055EB0D /* YYWeakProxy.m */; };
		2BF62D0020F5E0E00055EB0D /* YYFPSLabel.m in Sources */ = {isa = PBXBuildFile; fileRef = 2BF62CFD20F5E0E00055EB0D /* YYFPSLabel.m */; };
		2BF62D0320F5E0E60055EB0D /* ViewController1.m in Sources */ = {isa = PBXBuildFile; fileRef = 2BF62D0220F5E0E60055EB0D /* ViewController1.m */; };
/* End PBXBuildFile section */

/* Begin PBXFileReference section */
		2BF62CDC20F5A5750055EB0D /* iOSReview.app */ = {isa = PBXFileReference; explicitFileType = wrapper.application; includeInIndex = 0; path = iOSReview.app; sourceTree = BUILT_PRODUCTS_DIR; };
		2BF62CDF20F5A5750055EB0D /* AppDelegate.h */ = {isa = PBXFileReference; lastKnownFileType = sourcecode.c.h; path = AppDelegate.h; sourceTree = "<group>"; };
		2BF62CE020F5A5750055EB0D /* AppDelegate.m */ = {isa = PBXFileReference; lastKnownFileType = sourcecode.c.objc; path = AppDelegate.m; sourceTree = "<group>"; };
		2BF62CE220F5A5750055EB0D /* ViewController.h */ = {isa = PBXFileReference; lastKnownFileType = sourcecode.c.h; path = ViewController.h; sourceTree = "<group>"; };
		2BF62CE320F5A5750055EB0D /* ViewController.m */ = {isa = PBXFileReference; lastKnownFileType = sourcecode.c.objc; path = ViewController.m; sourceTree = "<group>"; };
		2BF62CE620F5A5750055EB0D /* Base */ = {isa = PBXFileReference; lastKnownFileType = file.storyboard; name = Base; path = Base.lproj/Main.storyboard; sourceTree = "<group>"; };
		2BF62CE820F5A57C0055EB0D /* Assets.xcassets */ = {isa = PBXFileReference; lastKnownFileType = folder.assetcatalog; path = Assets.xcassets; sourceTree = "<group>"; };
		2BF62CEB20F5A57C0055EB0D /* Base */ = {isa = PBXFileReference; lastKnownFileType = file.storyboard; name = Base; path = Base.lproj/LaunchScreen.storyboard; sourceTree = "<group>"; };
		2BF62CED20F5A57C0055EB0D /* Info.plist */ = {isa = PBXFileReference; lastKnownFileType = text.plist.xml; path = Info.plist; sourceTree = "<group>"; };
		2BF62CEE20F5A57C0055EB0D /* main.m */ = {isa = PBXFileReference; lastKnownFileType = sourcecode.c.objc; path = main.m; sourceTree = "<group>"; };
		2BF62CF520F5A5AB0055EB0D /* JGTest.h */ = {isa = PBXFileReference; lastKnownFileType = sourcecode.c.h; path = JGTest.h; sourceTree = "<group>"; };
		2BF62CF620F5A5AB0055EB0D /* JGTest.m */ = {isa = PBXFileReference; lastKnownFileType = sourcecode.c.objc; path = JGTest.m; sourceTree = "<group>"; };
		2BF62CF820F5AA590055EB0D /* 2.png */ = {isa = PBXFileReference; lastKnownFileType = image.png; path = 2.png; sourceTree = "<group>"; };
		2BF62CFB20F5E0E00055EB0D /* YYWeakProxy.m */ = {isa = PBXFileReference; fileEncoding = 4; lastKnownFileType = sourcecode.c.objc; path = YYWeakProxy.m; sourceTree = "<group>"; };
		2BF62CFC20F5E0E00055EB0D /* YYFPSLabel.h */ = {isa = PBXFileReference; fileEncoding = 4; lastKnownFileType = sourcecode.c.h; path = YYFPSLabel.h; sourceTree = "<group>"; };
		2BF62CFD20F5E0E00055EB0D /* YYFPSLabel.m */ = {isa = PBXFileReference; fileEncoding = 4; lastKnownFileType = sourcecode.c.objc; path = YYFPSLabel.m; sourceTree = "<group>"; };
		2BF62CFE20F5E0E00055EB0D /* YYWeakProxy.h */ = {isa = PBXFileReference; fileEncoding = 4; lastKnownFileType = sourcecode.c.h; path = YYWeakProxy.h; sourceTree = "<group>"; };
		2BF62D0120F5E0E60055EB0D /* ViewController1.h */ = {isa = PBXFileReference; fileEncoding = 4; lastKnownFileType = sourcecode.c.h; path = ViewController1.h; sourceTree = "<group>"; };
		2BF62D0220F5E0E60055EB0D /* ViewController1.m */ = {isa = PBXFileReference; fileEncoding = 4; lastKnownFileType = sourcecode.c.objc; path = ViewController1.m; sourceTree = "<group>"; };
/* End PBXFileReference section */

/* Begin PBXFrameworksBuildPhase section */
		2BF62CD920F5A5740055EB0D /* Frameworks */ = {
			isa = PBXFrameworksBuildPhase;
			buildActionMask = 2147483647;
			files = (
			);
			runOnlyForDeploymentPostprocessing = 0;
		};
/* End PBXFrameworksBuildPhase section */

/* Begin PBXGroup section */
		2BF62CD320F5A5740055EB0D = {
			isa = PBXGroup;
			children = (
				2BF62CDE20F5A5750055EB0D /* iOSReview */,
				2BF62CDD20F5A5750055EB0D /* Products */,
			);
			sourceTree = "<group>";
		};
		2BF62CDD20F5A5750055EB0D /* Products */ = {
			isa = PBXGroup;
			children = (
				2BF62CDC20F5A5750055EB0D /* iOSReview.app */,
			);
			name = Products;
			sourceTree = "<group>";
		};
		2BF62CDE20F5A5750055EB0D /* iOSReview */ = {
			isa = PBXGroup;
			children = (
				2BF62CFA20F5E0E00055EB0D /* YYFPSLabel */,
				2BF62CF820F5AA590055EB0D /* 2.png */,
				2BF62CDF20F5A5750055EB0D /* AppDelegate.h */,
				2BF62CE020F5A5750055EB0D /* AppDelegate.m */,
				2BF62CE220F5A5750055EB0D /* ViewController.h */,
				2BF62CE320F5A5750055EB0D /* ViewController.m */,
				2BF62D0120F5E0E60055EB0D /* ViewController1.h */,
				2BF62D0220F5E0E60055EB0D /* ViewController1.m */,
				2BF62CF520F5A5AB0055EB0D /* JGTest.h */,
				2BF62CF620F5A5AB0055EB0D /* JGTest.m */,
				2BF62CE520F5A5750055EB0D /* Main.storyboard */,
				2BF62CE820F5A57C0055EB0D /* Assets.xcassets */,
				2BF62CEA20F5A57C0055EB0D /* LaunchScreen.storyboard */,
				2BF62CED20F5A57C0055EB0D /* Info.plist */,
				2BF62CEE20F5A57C0055EB0D /* main.m */,
			);
			path = iOSReview;
			sourceTree = "<group>";
		};
		2BF62CFA20F5E0E00055EB0D /* YYFPSLabel */ = {
			isa = PBXGroup;
			children = (
				2BF62CFB20F5E0E00055EB0D /* YYWeakProxy.m */,
				2BF62CFC20F5E0E00055EB0D /* YYFPSLabel.h */,
				2BF62CFD20F5E0E00055EB0D /* YYFPSLabel.m */,
				2BF62CFE20F5E0E00055EB0D /* YYWeakProxy.h */,
			);
			path = YYFPSLabel;
			sourceTree = "<group>";
		};
/* End PBXGroup section */

/* Begin PBXNativeTarget section */
		2BF62CDB20F5A5740055EB0D /* iOSReview */ = {
			isa = PBXNativeTarget;
			buildConfigurationList = 2BF62CF220F5A57C0055EB0D /* Build configuration list for PBXNativeTarget "iOSReview" */;
			buildPhases = (
				2BF62CD820F5A5740055EB0D /* Sources */,
				2BF62CD920F5A5740055EB0D /* Frameworks */,
				2BF62CDA20F5A5740055EB0D /* Resources */,
			);
			buildRules = (
			);
			dependencies = (
			);
			name = iOSReview;
			productName = iOSReview;
			productReference = 2BF62CDC20F5A5750055EB0D /* iOSReview.app */;
			productType = "com.apple.product-type.application";
		};
/* End PBXNativeTarget section */

/* Begin PBXProject section */
		2BF62CD420F5A5740055EB0D /* Project object */ = {
			isa = PBXProject;
			attributes = {
				LastUpgradeCheck = 0930;
				ORGANIZATIONNAME = "彭金光";
				TargetAttributes = {
					2BF62CDB20F5A5740055EB0D = {
						CreatedOnToolsVersion = 9.3.1;
					};
				};
			};
			buildConfigurationList = 2BF62CD720F5A5740055EB0D /* Build configuration list for PBXProject "iOSReview" */;
			compatibilityVersion = "Xcode 9.3";
			developmentRegion = en;
			hasScannedForEncodings = 0;
			knownRegions = (
				en,
				Base,
			);
			mainGroup = 2BF62CD320F5A5740055EB0D;
			productRefGroup = 2BF62CDD20F5A5750055EB0D /* Products */;
			projectDirPath = "";
			projectRoot = "";
			targets = (
				2BF62CDB20F5A5740055EB0D /* iOSReview */,
			);
		};
/* End PBXProject section */

/* Begin PBXResourcesBuildPhase section */
		2BF62CDA20F5A5740055EB0D /* Resources */ = {
			isa = PBXResourcesBuildPhase;
			buildActionMask = 2147483647;
			files = (
				2BF62CEC20F5A57C0055EB0D /* LaunchScreen.storyboard in Resources */,
				2BF62CE920F5A57C0055EB0D /* Assets.xcassets in Resources */,
				2BF62CF920F5AA590055EB0D /* 2.png in Resources */,
				2BF62CE720F5A5750055EB0D /* Main.storyboard in Resources */,
			);
			runOnlyForDeploymentPostprocessing = 0;
		};
/* End PBXResourcesBuildPhase section */

/* Begin PBXSourcesBuildPhase section */
		2BF62CD820F5A5740055EB0D /* Sources */ = {
			isa = PBXSourcesBuildPhase;
			buildActionMask = 2147483647;
			files = (
				2BF62D0020F5E0E00055EB0D /* YYFPSLabel.m in Sources */,
				2BF62D0320F5E0E60055EB0D /* ViewController1.m in Sources */,
				2BF62CF720F5A5AB0055EB0D /* JGTest.m in Sources */,
				2BF62CE420F5A5750055EB0D /* ViewController.m in Sources */,
				2BF62CEF20F5A57C0055EB0D /* main.m in Sources */,
				2BF62CE120F5A5750055EB0D /* AppDelegate.m in Sources */,
				2BF62CFF20F5E0E00055EB0D /* YYWeakProxy.m in Sources */,
			);
			runOnlyForDeploymentPostprocessing = 0;
		};
/* End PBXSourcesBuildPhase section */

/* Begin PBXVariantGroup section */
		2BF62CE520F5A5750055EB0D /* Main.storyboard */ = {
			isa = PBXVariantGroup;
			children = (
				2BF62CE620F5A5750055EB0D /* Base */,
			);
			name = Main.storyboard;
			sourceTree = "<group>";
		};
		2BF62CEA20F5A57C0055EB0D /* LaunchScreen.storyboard */ = {
			isa = PBXVariantGroup;
			children = (
				2BF62CEB20F5A57C0055EB0D /* Base */,
			);
			name = LaunchScreen.storyboard;
			sourceTree = "<group>";
		};
/* End PBXVariantGroup section */

/* Begin XCBuildConfiguration section */
		2BF62CF020F5A57C0055EB0D /* Debug */ = {
			isa = XCBuildConfiguration;
			buildSettings = {
				ALWAYS_SEARCH_USER_PATHS = NO;
				CLANG_ANALYZER_NONNULL = YES;
				CLANG_ANALYZER_NUMBER_OBJECT_CONVERSION = YES_AGGRESSIVE;
				CLANG_CXX_LANGUAGE_STANDARD = "gnu++14";
				CLANG_CXX_LIBRARY = "libc++";
				CLANG_ENABLE_MODULES = YES;
				CLANG_ENABLE_OBJC_ARC = YES;
				CLANG_ENABLE_OBJC_WEAK = YES;
				CLANG_WARN_BLOCK_CAPTURE_AUTORELEASING = YES;
				CLANG_WARN_BOOL_CONVERSION = YES;
				CLANG_WARN_COMMA = YES;
				CLANG_WARN_CONSTANT_CONVERSION = YES;
				CLANG_WARN_DEPRECATED_OBJC_IMPLEMENTATIONS = YES;
				CLANG_WARN_DIRECT_OBJC_ISA_USAGE = YES_ERROR;
				CLANG_WARN_DOCUMENTATION_COMMENTS = YES;
				CLANG_WARN_EMPTY_BODY = YES;
				CLANG_WARN_ENUM_CONVERSION = YES;
				CLANG_WARN_INFINITE_RECURSION = YES;
				CLANG_WARN_INT_CONVERSION = YES;
				CLANG_WARN_NON_LITERAL_NULL_CONVERSION = YES;
				CLANG_WARN_OBJC_IMPLICIT_RETAIN_SELF = YES;
				CLANG_WARN_OBJC_LITERAL_CONVERSION = YES;
				CLANG_WARN_OBJC_ROOT_CLASS = YES_ERROR;
				CLANG_WARN_RANGE_LOOP_ANALYSIS = YES;
				CLANG_WARN_STRICT_PROTOTYPES = YES;
				CLANG_WARN_SUSPICIOUS_MOVE = YES;
				CLANG_WARN_UNGUARDED_AVAILABILITY = YES_AGGRESSIVE;
				CLANG_WARN_UNREACHABLE_CODE = YES;
				CLANG_WARN__DUPLICATE_METHOD_MATCH = YES;
				CODE_SIGN_IDENTITY = "iPhone Developer";
				COPY_PHASE_STRIP = NO;
				DEBUG_INFORMATION_FORMAT = dwarf;
				ENABLE_STRICT_OBJC_MSGSEND = YES;
				ENABLE_TESTABILITY = YES;
				GCC_C_LANGUAGE_STANDARD = gnu11;
				GCC_DYNAMIC_NO_PIC = NO;
				GCC_NO_COMMON_BLOCKS = YES;
				GCC_OPTIMIZATION_LEVEL = 0;
				GCC_PREPROCESSOR_DEFINITIONS = (
					"DEBUG=1",
					"$(inherited)",
				);
				GCC_WARN_64_TO_32_BIT_CONVERSION = YES;
				GCC_WARN_ABOUT_RETURN_TYPE = YES_ERROR;
				GCC_WARN_UNDECLARED_SELECTOR = YES;
				GCC_WARN_UNINITIALIZED_AUTOS = YES_AGGRESSIVE;
				GCC_WARN_UNUSED_FUNCTION = YES;
				GCC_WARN_UNUSED_VARIABLE = YES;
				IPHONEOS_DEPLOYMENT_TARGET = 11.3;
				MTL_ENABLE_DEBUG_INFO = YES;
				ONLY_ACTIVE_ARCH = YES;
				SDKROOT = iphoneos;
			};
			name = Debug;
		};
		2BF62CF120F5A57C0055EB0D /* Release */ = {
			isa = XCBuildConfiguration;
			buildSettings = {
				ALWAYS_SEARCH_USER_PATHS = NO;
				CLANG_ANALYZER_NONNULL = YES;
				CLANG_ANALYZER_NUMBER_OBJECT_CONVERSION = YES_AGGRESSIVE;
				CLANG_CXX_LANGUAGE_STANDARD = "gnu++14";
				CLANG_CXX_LIBRARY = "libc++";
				CLANG_ENABLE_MODULES = YES;
				CLANG_ENABLE_OBJC_ARC = YES;
				CLANG_ENABLE_OBJC_WEAK = YES;
				CLANG_WARN_BLOCK_CAPTURE_AUTORELEASING = YES;
				CLANG_WARN_BOOL_CONVERSION = YES;
				CLANG_WARN_COMMA = YES;
				CLANG_WARN_CONSTANT_CONVERSION = YES;
				CLANG_WARN_DEPRECATED_OBJC_IMPLEMENTATIONS = YES;
				CLANG_WARN_DIRECT_OBJC_ISA_USAGE = YES_ERROR;
				CLANG_WARN_DOCUMENTATION_COMMENTS = YES;
				CLANG_WARN_EMPTY_BODY = YES;
				CLANG_WARN_ENUM_CONVERSION = YES;
				CLANG_WARN_INFINITE_RECURSION = YES;
				CLANG_WARN_INT_CONVERSION = YES;
				CLANG_WARN_NON_LITERAL_NULL_CONVERSION = YES;
				CLANG_WARN_OBJC_IMPLICIT_RETAIN_SELF = YES;
				CLANG_WARN_OBJC_LITERAL_CONVERSION = YES;
				CLANG_WARN_OBJC_ROOT_CLASS = YES_ERROR;
				CLANG_WARN_RANGE_LOOP_ANALYSIS = YES;
				CLANG_WARN_STRICT_PROTOTYPES = YES;
				CLANG_WARN_SUSPICIOUS_MOVE = YES;
				CLANG_WARN_UNGUARDED_AVAILABILITY = YES_AGGRESSIVE;
				CLANG_WARN_UNREACHABLE_CODE = YES;
				CLANG_WARN__DUPLICATE_METHOD_MATCH = YES;
				CODE_SIGN_IDENTITY = "iPhone Developer";
				COPY_PHASE_STRIP = NO;
				DEBUG_INFORMATION_FORMAT = "dwarf-with-dsym";
				ENABLE_NS_ASSERTIONS = NO;
				ENABLE_STRICT_OBJC_MSGSEND = YES;
				GCC_C_LANGUAGE_STANDARD = gnu11;
				GCC_NO_COMMON_BLOCKS = YES;
				GCC_WARN_64_TO_32_BIT_CONVERSION = YES;
				GCC_WARN_ABOUT_RETURN_TYPE = YES_ERROR;
				GCC_WARN_UNDECLARED_SELECTOR = YES;
				GCC_WARN_UNINITIALIZED_AUTOS = YES_AGGRESSIVE;
				GCC_WARN_UNUSED_FUNCTION = YES;
				GCC_WARN_UNUSED_VARIABLE = YES;
				IPHONEOS_DEPLOYMENT_TARGET = 11.3;
				MTL_ENABLE_DEBUG_INFO = NO;
				SDKROOT = iphoneos;
				VALIDATE_PRODUCT = YES;
			};
			name = Release;
		};
		2BF62CF320F5A57C0055EB0D /* Debug */ = {
			isa = XCBuildConfiguration;
			buildSettings = {
				ASSETCATALOG_COMPILER_APPICON_NAME = AppIcon;
				CODE_SIGN_STYLE = Automatic;
				INFOPLIST_FILE = iOSReview/Info.plist;
				LD_RUNPATH_SEARCH_PATHS = (
					"$(inherited)",
					"@executable_path/Frameworks",
				);
				PRODUCT_BUNDLE_IDENTIFIER = JGP.iOSReview;
				PRODUCT_NAME = "$(TARGET_NAME)";
				TARGETED_DEVICE_FAMILY = "1,2";
			};
			name = Debug;
		};
		2BF62CF420F5A57C0055EB0D /* Release */ = {
			isa = XCBuildConfiguration;
			buildSettings = {
				ASSETCATALOG_COMPILER_APPICON_NAME = AppIcon;
				CODE_SIGN_STYLE = Automatic;
				INFOPLIST_FILE = iOSReview/Info.plist;
				LD_RUNPATH_SEARCH_PATHS = (
					"$(inherited)",
					"@executable_path/Frameworks",
				);
				PRODUCT_BUNDLE_IDENTIFIER = JGP.iOSReview;
				PRODUCT_NAME = "$(TARGET_NAME)";
				TARGETED_DEVICE_FAMILY = "1,2";
			};
			name = Release;
		};
/* End XCBuildConfiguration section */

/* Begin XCConfigurationList section */
		2BF62CD720F5A5740055EB0D /* Build configuration list for PBXProject "iOSReview" */ = {
			isa = XCConfigurationList;
			buildConfigurations = (
				2BF62CF020F5A57C0055EB0D /* Debug */,
				2BF62CF120F5A57C0055EB0D /* Release */,
			);
			defaultConfigurationIsVisible = 0;
			defaultConfigurationName = Release;
		};
		2BF62CF220F5A57C0055EB0D /* Build configuration list for PBXNativeTarget "iOSReview" */ = {
			isa = XCConfigurationList;
			buildConfigurations = (
				2BF62CF320F5A57C0055EB0D /* Debug */,
				2BF62CF420F5A57C0055EB0D /* Release */,
			);
			defaultConfigurationIsVisible = 0;
			defaultConfigurationName = Release;
		};
/* End XCConfigurationList section */
	};
	rootObject = 2BF62CD420F5A5740055EB0D /* Project object */;
}
